
Microsoft Visual Studio Solution File, Format Version 12.00
# Visual Studio Version 17
VisualStudioVersion = 17.5.002.0
MinimumVisualStudioVersion = 10.0.40219.1
Project("{9A19103F-16F7-4668-BE54-9A1E7A4F7556}") = "Operator_and_Condition", "Operator_and_Condition.csproj", "{F145E6B2-DE36-4FB2-B653-C84B15E6BB07}"
EndProject
Global
	GlobalSection(SolutionConfigurationPlatforms) = preSolution
		Debug|Any CPU = Debug|Any CPU
		Release|Any CPU = Release|Any CPU
	EndGlobalSection
	GlobalSection(ProjectConfigurationPlatforms) = postSolution
		{F145E6B2-DE36-4FB2-B653-C84B15E6BB07}.Debug|Any CPU.ActiveCfg = Debug|Any CPU
		{F145E6B2-DE36-4FB2-B653-C84B15E6BB07}.Debug|Any CPU.Build.0 = Debug|Any CPU
		{F145E6B2-DE36-4FB2-B653-C84B15E6BB07}.Release|Any CPU.ActiveCfg = Release|Any CPU
		{F145E6B2-DE36-4FB2-B653-C84B15E6BB07}.Release|Any CPU.Build.0 = Release|Any CPU
	EndGlobalSection
	GlobalSection(SolutionProperties) = preSolution
		HideSolutionNode = FALSE
	EndGlobalSection
	GlobalSection(ExtensibilityGlobals) = postSolution
		SolutionGuid = {47933E77-273B-415F-9E87-71D324E5E977}
	EndGlobalSection
EndGlobal
